
Microsoft Visual Studio Solution File, Format Version 12.00
# Visual Studio 15
VisualStudioVersion = 15.0.28307.1082
MinimumVisualStudioVersion = 10.0.40219.1
Project("{8BC9CEB8-8B4A-11D0-8D11-00A0C91BC942}") = "Pointers", "Pointers\Pointers.vcxproj", "{066CEF5D-13FD-4FDE-8B5F-3393198CBDBE}"
EndProject
Project("{8BC9CEB8-8B4A-11D0-8D11-00A0C91BC942}") = "TransferParameters", "TransferParameters\TransferParameters.vcxproj", "{5CBCDB2B-84E5-489D-8A83-22A5BBF7787A}"
EndProject
Project("{8BC9CEB8-8B4A-11D0-8D11-00A0C91BC942}") = "References", "References\References.vcxproj", "{019867B9-2586-4541-9683-B8DD4899EF33}"
EndProject
Project("{8BC9CEB8-8B4A-11D0-8D11-00A0C91BC942}") = "DynamicMemory", "DynamicMemory\DynamicMemory.vcxproj", "{6C98DF6E-883A-4DDC-AE03-FDD35ED33088}"
EndProject
Project("{8BC9CEB8-8B4A-11D0-8D11-00A0C91BC942}") = "Split", "Split\Split.vcxproj", "{F5AB7435-5121-4366-BEA2-3403D2DA8978}"
EndProject
Global
	GlobalSection(SolutionConfigurationPlatforms) = preSolution
		Debug|x64 = Debug|x64
		Debug|x86 = Debug|x86
		Release|x64 = Release|x64
		Release|x86 = Release|x86
	EndGlobalSection
	GlobalSection(ProjectConfigurationPlatforms) = postSolution
		{066CEF5D-13FD-4FDE-8B5F-3393198CBDBE}.Debug|x64.ActiveCfg = Debug|x64
		{066CEF5D-13FD-4FDE-8B5F-3393198CBDBE}.Debug|x64.Build.0 = Debug|x64
		{066CEF5D-13FD-4FDE-8B5F-3393198CBDBE}.Debug|x86.ActiveCfg = Debug|Win32
		{066CEF5D-13FD-4FDE-8B5F-3393198CBDBE}.Debug|x86.Build.0 = Debug|Win32
		{066CEF5D-13FD-4FDE-8B5F-3393198CBDBE}.Release|x64.ActiveCfg = Release|x64
		{066CEF5D-13FD-4FDE-8B5F-3393198CBDBE}.Release|x64.Build.0 = Release|x64
		{066CEF5D-13FD-4FDE-8B5F-3393198CBDBE}.Release|x86.ActiveCfg = Release|Win32
		{066CEF5D-13FD-4FDE-8B5F-3393198CBDBE}.Release|x86.Build.0 = Release|Win32
		{5CBCDB2B-84E5-489D-8A83-22A5BBF7787A}.Debug|x64.ActiveCfg = Debug|x64
		{5CBCDB2B-84E5-489D-8A83-22A5BBF7787A}.Debug|x64.Build.0 = Debug|x64
		{5CBCDB2B-84E5-489D-8A83-22A5BBF7787A}.Debug|x86.ActiveCfg = Debug|Win32
		{5CBCDB2B-84E5-489D-8A83-22A5BBF7787A}.Debug|x86.Build.0 = Debug|Win32
		{5CBCDB2B-84E5-489D-8A83-22A5BBF7787A}.Release|x64.ActiveCfg = Release|x64
		{5CBCDB2B-84E5-489D-8A83-22A5BBF7787A}.Release|x64.Build.0 = Release|x64
		{5CBCDB2B-84E5-489D-8A83-22A5BBF7787A}.Release|x86.ActiveCfg = Release|Win32
		{5CBCDB2B-84E5-489D-8A83-22A5BBF7787A}.Release|x86.Build.0 = Release|Win32
		{019867B9-2586-4541-9683-B8DD4899EF33}.Debug|x64.ActiveCfg = Debug|x64
		{019867B9-2586-4541-9683-B8DD4899EF33}.Debug|x64.Build.0 = Debug|x64
		{019867B9-2586-4541-9683-B8DD4899EF33}.Debug|x86.ActiveCfg = Debug|Win32
		{019867B9-2586-4541-9683-B8DD4899EF33}.Debug|x86.Build.0 = Debug|Win32
		{019867B9-2586-4541-9683-B8DD4899EF33}.Release|x64.ActiveCfg = Release|x64
		{019867B9-2586-4541-9683-B8DD4899EF33}.Release|x64.Build.0 = Release|x64
		{019867B9-2586-4541-9683-B8DD4899EF33}.Release|x86.ActiveCfg = Release|Win32
		{019867B9-2586-4541-9683-B8DD4899EF33}.Release|x86.Build.0 = Release|Win32
		{6C98DF6E-883A-4DDC-AE03-FDD35ED33088}.Debug|x64.ActiveCfg = Debug|x64
		{6C98DF6E-883A-4DDC-AE03-FDD35ED33088}.Debug|x64.Build.0 = Debug|x64
		{6C98DF6E-883A-4DDC-AE03-FDD35ED33088}.Debug|x86.ActiveCfg = Debug|Win32
		{6C98DF6E-883A-4DDC-AE03-FDD35ED33088}.Debug|x86.Build.0 = Debug|Win32
		{6C98DF6E-883A-4DDC-AE03-FDD35ED33088}.Release|x64.ActiveCfg = Release|x64
		{6C98DF6E-883A-4DDC-AE03-FDD35ED33088}.Release|x64.Build.0 = Release|x64
		{6C98DF6E-883A-4DDC-AE03-FDD35ED33088}.Release|x86.ActiveCfg = Release|Win32
		{6C98DF6E-883A-4DDC-AE03-FDD35ED33088}.Release|x86.Build.0 = Release|Win32
		{F5AB7435-5121-4366-BEA2-3403D2DA8978}.Debug|x64.ActiveCfg = Debug|x64
		{F5AB7435-5121-4366-BEA2-3403D2DA8978}.Debug|x64.Build.0 = Debug|x64
		{F5AB7435-5121-4366-BEA2-3403D2DA8978}.Debug|x86.ActiveCfg = Debug|Win32
		{F5AB7435-5121-4366-BEA2-3403D2DA8978}.Debug|x86.Build.0 = Debug|Win32
		{F5AB7435-5121-4366-BEA2-3403D2DA8978}.Release|x64.ActiveCfg = Release|x64
		{F5AB7435-5121-4366-BEA2-3403D2DA8978}.Release|x64.Build.0 = Release|x64
		{F5AB7435-5121-4366-BEA2-3403D2DA8978}.Release|x86.ActiveCfg = Release|Win32
		{F5AB7435-5121-4366-BEA2-3403D2DA8978}.Release|x86.Build.0 = Release|Win32
	EndGlobalSection
	GlobalSection(SolutionProperties) = preSolution
		HideSolutionNode = FALSE
	EndGlobalSection
	GlobalSection(ExtensibilityGlobals) = postSolution
		SolutionGuid = {13850818-CDDD-4E67-A3F9-4E42C33FDEE2}
	EndGlobalSection
EndGlobal
